
Microsoft Visual Studio Solution File, Format Version 12.00
# Visual Studio Version 17
VisualStudioVersion = 17.0.31903.59
MinimumVisualStudioVersion = 10.0.40219.1
Project("{FAE04EC0-301F-11D3-BF4B-00C04F79EFBC}") = "ConsoleApp1", "ConsoleApp1\ConsoleApp1.csproj", "{F68CE2DB-9C43-44AB-9136-C1DC4AF572FC}"
EndProject
Global
	GlobalSection(SolutionConfigurationPlatforms) = preSolution
		Debug|Any CPU = Debug|Any CPU
		Release|Any CPU = Release|Any CPU
	EndGlobalSection
	GlobalSection(ProjectConfigurationPlatforms) = postSolution
		{F68CE2DB-9C43-44AB-9136-C1DC4AF572FC}.Debug|Any CPU.ActiveCfg = Debug|Any CPU
		{F68CE2DB-9C43-44AB-9136-C1DC4AF572FC}.Debug|Any CPU.Build.0 = Debug|Any CPU
		{F68CE2DB-9C43-44AB-9136-C1DC4AF572FC}.Release|Any CPU.ActiveCfg = Release|Any CPU
		{F68CE2DB-9C43-44AB-9136-C1DC4AF572FC}.Release|Any CPU.Build.0 = Release|Any CPU
	EndGlobalSection
	GlobalSection(SolutionProperties) = preSolution
		HideSolutionNode = FALSE
	EndGlobalSection
	GlobalSection(ExtensibilityGlobals) = postSolution
		SolutionGuid = {EF64E71E-ADA3-4EAB-85AE-C5E890AC5EBC}
	EndGlobalSection
EndGlobal
